// !$*UTF8*$!
{
	archiveVersion = 1;
	classes = {
	};
	objectVersion = 50;
	objects = {

/* Begin PBXBuildFile section */
		D633CDEF25BF7606005A000F /* AppDelegate.swift in Sources */ = {isa = PBXBuildFile; fileRef = D633CDEE25BF7606005A000F /* AppDelegate.swift */; };
		D633CDF125BF7606005A000F /* SceneDelegate.swift in Sources */ = {isa = PBXBuildFile; fileRef = D633CDF025BF7606005A000F /* SceneDelegate.swift */; };
		D633CDF325BF7606005A000F /* ViewController.swift in Sources */ = {isa = PBXBuildFile; fileRef = D633CDF225BF7606005A000F /* ViewController.swift */; };
		D633CDF625BF7606005A000F /* Main.storyboard in Resources */ = {isa = PBXBuildFile; fileRef = D633CDF425BF7606005A000F /* Main.storyboard */; };
		D633CDF925BF7606005A000F /* INECoreData.xcdatamodeld in Sources */ = {isa = PBXBuildFile; fileRef = D633CDF725BF7606005A000F /* INECoreData.xcdatamodeld */; };
		D633CDFB25BF7608005A000F /* Assets.xcassets in Resources */ = {isa = PBXBuildFile; fileRef = D633CDFA25BF7608005A000F /* Assets.xcassets */; };
		D633CDFE25BF7608005A000F /* LaunchScreen.storyboard in Resources */ = {isa = PBXBuildFile; fileRef = D633CDFC25BF7608005A000F /* LaunchScreen.storyboard */; };
		D633CE0725BF7676005A000F /* Person+CoreDataClass.swift in Sources */ = {isa = PBXBuildFile; fileRef = D633CE0525BF7676005A000F /* Person+CoreDataClass.swift */; };
		D633CE0825BF7676005A000F /* Person+CoreDataProperties.swift in Sources */ = {isa = PBXBuildFile; fileRef = D633CE0625BF7676005A000F /* Person+CoreDataProperties.swift */; };
		D633CE0D25BF7776005A000F /* SecondViewController.swift in Sources */ = {isa = PBXBuildFile; fileRef = D633CE0C25BF7776005A000F /* SecondViewController.swift */; };
/* End PBXBuildFile section */

/* Begin PBXFileReference section */
		D633CDEB25BF7606005A000F /* INECoreData.app */ = {isa = PBXFileReference; explicitFileType = wrapper.application; includeInIndex = 0; path = INECoreData.app; sourceTree = BUILT_PRODUCTS_DIR; };
		D633CDEE25BF7606005A000F /* AppDelegate.swift */ = {isa = PBXFileReference; lastKnownFileType = sourcecode.swift; path = AppDelegate.swift; sourceTree = "<group>"; };
		D633CDF025BF7606005A000F /* SceneDelegate.swift */ = {isa = PBXFileReference; lastKnownFileType = sourcecode.swift; path = SceneDelegate.swift; sourceTree = "<group>"; };
		D633CDF225BF7606005A000F /* ViewController.swift */ = {isa = PBXFileReference; lastKnownFileType = sourcecode.swift; path = ViewController.swift; sourceTree = "<group>"; };
		D633CDF525BF7606005A000F /* Base */ = {isa = PBXFileReference; lastKnownFileType = file.storyboard; name = Base; path = Base.lproj/Main.storyboard; sourceTree = "<group>"; };
		D633CDF825BF7606005A000F /* INECoreData.xcdatamodel */ = {isa = PBXFileReference; lastKnownFileType = wrapper.xcdatamodel; path = INECoreData.xcdatamodel; sourceTree = "<group>"; };
		D633CDFA25BF7608005A000F /* Assets.xcassets */ = {isa = PBXFileReference; lastKnownFileType = folder.assetcatalog; path = Assets.xcassets; sourceTree = "<group>"; };
		D633CDFD25BF7608005A000F /* Base */ = {isa = PBXFileReference; lastKnownFileType = file.storyboard; name = Base; path = Base.lproj/LaunchScreen.storyboard; sourceTree = "<group>"; };
		D633CDFF25BF7608005A000F /* Info.plist */ = {isa = PBXFileReference; lastKnownFileType = text.plist.xml; path = Info.plist; sourceTree = "<group>"; };
		D633CE0525BF7676005A000F /* Person+CoreDataClass.swift */ = {isa = PBXFileReference; lastKnownFileType = sourcecode.swift; path = "Person+CoreDataClass.swift"; sourceTree = "<group>"; };
		D633CE0625BF7676005A000F /* Person+CoreDataProperties.swift */ = {isa = PBXFileReference; lastKnownFileType = sourcecode.swift; path = "Person+CoreDataProperties.swift"; sourceTree = "<group>"; };
		D633CE0C25BF7776005A000F /* SecondViewController.swift */ = {isa = PBXFileReference; lastKnownFileType = sourcecode.swift; path = SecondViewController.swift; sourceTree = "<group>"; };
/* End PBXFileReference section */

/* Begin PBXFrameworksBuildPhase section */
		D633CDE825BF7606005A000F /* Frameworks */ = {
			isa = PBXFrameworksBuildPhase;
			buildActionMask = 2147483647;
			files = (
			);
			runOnlyForDeploymentPostprocessing = 0;
		};
/* End PBXFrameworksBuildPhase section */

/* Begin PBXGroup section */
		D633CDE225BF7606005A000F = {
			isa = PBXGroup;
			children = (
				D633CE0525BF7676005A000F /* Person+CoreDataClass.swift */,
				D633CE0625BF7676005A000F /* Person+CoreDataProperties.swift */,
				D633CDED25BF7606005A000F /* INECoreData */,
				D633CDEC25BF7606005A000F /* Products */,
			);
			sourceTree = "<group>";
		};
		D633CDEC25BF7606005A000F /* Products */ = {
			isa = PBXGroup;
			children = (
				D633CDEB25BF7606005A000F /* INECoreData.app */,
			);
			name = Products;
			sourceTree = "<group>";
		};
		D633CDED25BF7606005A000F /* INECoreData */ = {
			isa = PBXGroup;
			children = (
				D633CDEE25BF7606005A000F /* AppDelegate.swift */,
				D633CDF025BF7606005A000F /* SceneDelegate.swift */,
				D633CE0925BF773F005A000F /* Controllers */,
				D633CE0A25BF7751005A000F /* Views */,
				D633CDFA25BF7608005A000F /* Assets.xcassets */,
				D633CDFC25BF7608005A000F /* LaunchScreen.storyboard */,
				D633CDFF25BF7608005A000F /* Info.plist */,
				D633CE0B25BF775F005A000F /* Models */,
			);
			path = INECoreData;
			sourceTree = "<group>";
		};
		D633CE0925BF773F005A000F /* Controllers */ = {
			isa = PBXGroup;
			children = (
				D633CDF225BF7606005A000F /* ViewController.swift */,
				D633CE0C25BF7776005A000F /* SecondViewController.swift */,
			);
			path = Controllers;
			sourceTree = "<group>";
		};
		D633CE0A25BF7751005A000F /* Views */ = {
			isa = PBXGroup;
			children = (
				D633CDF425BF7606005A000F /* Main.storyboard */,
			);
			path = Views;
			sourceTree = "<group>";
		};
		D633CE0B25BF775F005A000F /* Models */ = {
			isa = PBXGroup;
			children = (
				D633CDF725BF7606005A000F /* INECoreData.xcdatamodeld */,
			);
			path = Models;
			sourceTree = "<group>";
		};
/* End PBXGroup section */

/* Begin PBXNativeTarget section */
		D633CDEA25BF7606005A000F /* INECoreData */ = {
			isa = PBXNativeTarget;
			buildConfigurationList = D633CE0225BF7608005A000F /* Build configuration list for PBXNativeTarget "INECoreData" */;
			buildPhases = (
				D633CDE725BF7606005A000F /* Sources */,
				D633CDE825BF7606005A000F /* Frameworks */,
				D633CDE925BF7606005A000F /* Resources */,
			);
			buildRules = (
			);
			dependencies = (
			);
			name = INECoreData;
			productName = INECoreData;
			productReference = D633CDEB25BF7606005A000F /* INECoreData.app */;
			productType = "com.apple.product-type.application";
		};
/* End PBXNativeTarget section */

/* Begin PBXProject section */
		D633CDE325BF7606005A000F /* Project object */ = {
			isa = PBXProject;
			attributes = {
				LastSwiftUpdateCheck = 1130;
				LastUpgradeCheck = 1130;
				ORGANIZATIONNAME = "Américo MQ";
				TargetAttributes = {
					D633CDEA25BF7606005A000F = {
						CreatedOnToolsVersion = 11.3.1;
					};
				};
			};
			buildConfigurationList = D633CDE625BF7606005A000F /* Build configuration list for PBXProject "INECoreData" */;
			compatibilityVersion = "Xcode 9.3";
			developmentRegion = en;
			hasScannedForEncodings = 0;
			knownRegions = (
				en,
				Base,
			);
			mainGroup = D633CDE225BF7606005A000F;
			productRefGroup = D633CDEC25BF7606005A000F /* Products */;
			projectDirPath = "";
			projectRoot = "";
			targets = (
				D633CDEA25BF7606005A000F /* INECoreData */,
			);
		};
/* End PBXProject section */

/* Begin PBXResourcesBuildPhase section */
		D633CDE925BF7606005A000F /* Resources */ = {
			isa = PBXResourcesBuildPhase;
			buildActionMask = 2147483647;
			files = (
				D633CDFE25BF7608005A000F /* LaunchScreen.storyboard in Resources */,
				D633CDFB25BF7608005A000F /* Assets.xcassets in Resources */,
				D633CDF625BF7606005A000F /* Main.storyboard in Resources */,
			);
			runOnlyForDeploymentPostprocessing = 0;
		};
/* End PBXResourcesBuildPhase section */

/* Begin PBXSourcesBuildPhase section */
		D633CDE725BF7606005A000F /* Sources */ = {
			isa = PBXSourcesBuildPhase;
			buildActionMask = 2147483647;
			files = (
				D633CDF325BF7606005A000F /* ViewController.swift in Sources */,
				D633CDEF25BF7606005A000F /* AppDelegate.swift in Sources */,
				D633CE0825BF7676005A000F /* Person+CoreDataProperties.swift in Sources */,
				D633CE0725BF7676005A000F /* Person+CoreDataClass.swift in Sources */,
				D633CE0D25BF7776005A000F /* SecondViewController.swift in Sources */,
				D633CDF125BF7606005A000F /* SceneDelegate.swift in Sources */,
				D633CDF925BF7606005A000F /* INECoreData.xcdatamodeld in Sources */,
			);
			runOnlyForDeploymentPostprocessing = 0;
		};
/* End PBXSourcesBuildPhase section */

/* Begin PBXVariantGroup section */
		D633CDF425BF7606005A000F /* Main.storyboard */ = {
			isa = PBXVariantGroup;
			children = (
				D633CDF525BF7606005A000F /* Base */,
			);
			name = Main.storyboard;
			sourceTree = "<group>";
		};
		D633CDFC25BF7608005A000F /* LaunchScreen.storyboard */ = {
			isa = PBXVariantGroup;
			children = (
				D633CDFD25BF7608005A000F /* Base */,
			);
			name = LaunchScreen.storyboard;
			sourceTree = "<group>";
		};
/* End PBXVariantGroup section */

/* Begin XCBuildConfiguration section */
		D633CE0025BF7608005A000F /* Debug */ = {
			isa = XCBuildConfiguration;
			buildSettings = {
				ALWAYS_SEARCH_USER_PATHS = NO;
				CLANG_ANALYZER_NONNULL = YES;
				CLANG_ANALYZER_NUMBER_OBJECT_CONVERSION = YES_AGGRESSIVE;
				CLANG_CXX_LANGUAGE_STANDARD = "gnu++14";
				CLANG_CXX_LIBRARY = "libc++";
				CLANG_ENABLE_MODULES = YES;
				CLANG_ENABLE_OBJC_ARC = YES;
				CLANG_ENABLE_OBJC_WEAK = YES;
				CLANG_WARN_BLOCK_CAPTURE_AUTORELEASING = YES;
				CLANG_WARN_BOOL_CONVERSION = YES;
				CLANG_WARN_COMMA = YES;
				CLANG_WARN_CONSTANT_CONVERSION = YES;
				CLANG_WARN_DEPRECATED_OBJC_IMPLEMENTATIONS = YES;
				CLANG_WARN_DIRECT_OBJC_ISA_USAGE = YES_ERROR;
				CLANG_WARN_DOCUMENTATION_COMMENTS = YES;
				CLANG_WARN_EMPTY_BODY = YES;
				CLANG_WARN_ENUM_CONVERSION = YES;
				CLANG_WARN_INFINITE_RECURSION = YES;
				CLANG_WARN_INT_CONVERSION = YES;
				CLANG_WARN_NON_LITERAL_NULL_CONVERSION = YES;
				CLANG_WARN_OBJC_IMPLICIT_RETAIN_SELF = YES;
				CLANG_WARN_OBJC_LITERAL_CONVERSION = YES;
				CLANG_WARN_OBJC_ROOT_CLASS = YES_ERROR;
				CLANG_WARN_RANGE_LOOP_ANALYSIS = YES;
				CLANG_WARN_STRICT_PROTOTYPES = YES;
				CLANG_WARN_SUSPICIOUS_MOVE = YES;
				CLANG_WARN_UNGUARDED_AVAILABILITY = YES_AGGRESSIVE;
				CLANG_WARN_UNREACHABLE_CODE = YES;
				CLANG_WARN__DUPLICATE_METHOD_MATCH = YES;
				COPY_PHASE_STRIP = NO;
				DEBUG_INFORMATION_FORMAT = dwarf;
				ENABLE_STRICT_OBJC_MSGSEND = YES;
				ENABLE_TESTABILITY = YES;
				GCC_C_LANGUAGE_STANDARD = gnu11;
				GCC_DYNAMIC_NO_PIC = NO;
				GCC_NO_COMMON_BLOCKS = YES;
				GCC_OPTIMIZATION_LEVEL = 0;
				GCC_PREPROCESSOR_DEFINITIONS = (
					"DEBUG=1",
					"$(inherited)",
				);
				GCC_WARN_64_TO_32_BIT_CONVERSION = YES;
				GCC_WARN_ABOUT_RETURN_TYPE = YES_ERROR;
				GCC_WARN_UNDECLARED_SELECTOR = YES;
				GCC_WARN_UNINITIALIZED_AUTOS = YES_AGGRESSIVE;
				GCC_WARN_UNUSED_FUNCTION = YES;
				GCC_WARN_UNUSED_VARIABLE = YES;
				IPHONEOS_DEPLOYMENT_TARGET = 13.2;
				MTL_ENABLE_DEBUG_INFO = INCLUDE_SOURCE;
				MTL_FAST_MATH = YES;
				ONLY_ACTIVE_ARCH = YES;
				SDKROOT = iphoneos;
				SWIFT_ACTIVE_COMPILATION_CONDITIONS = DEBUG;
				SWIFT_OPTIMIZATION_LEVEL = "-Onone";
			};
			name = Debug;
		};
		D633CE0125BF7608005A000F /* Release */ = {
			isa = XCBuildConfiguration;
			buildSettings = {
				ALWAYS_SEARCH_USER_PATHS = NO;
				CLANG_ANALYZER_NONNULL = YES;
				CLANG_ANALYZER_NUMBER_OBJECT_CONVERSION = YES_AGGRESSIVE;
				CLANG_CXX_LANGUAGE_STANDARD = "gnu++14";
				CLANG_CXX_LIBRARY = "libc++";
				CLANG_ENABLE_MODULES = YES;
				CLANG_ENABLE_OBJC_ARC = YES;
				CLANG_ENABLE_OBJC_WEAK = YES;
				CLANG_WARN_BLOCK_CAPTURE_AUTORELEASING = YES;
				CLANG_WARN_BOOL_CONVERSION = YES;
				CLANG_WARN_COMMA = YES;
				CLANG_WARN_CONSTANT_CONVERSION = YES;
				CLANG_WARN_DEPRECATED_OBJC_IMPLEMENTATIONS = YES;
				CLANG_WARN_DIRECT_OBJC_ISA_USAGE = YES_ERROR;
				CLANG_WARN_DOCUMENTATION_COMMENTS = YES;
				CLANG_WARN_EMPTY_BODY = YES;
				CLANG_WARN_ENUM_CONVERSION = YES;
				CLANG_WARN_INFINITE_RECURSION = YES;
				CLANG_WARN_INT_CONVERSION = YES;
				CLANG_WARN_NON_LITERAL_NULL_CONVERSION = YES;
				CLANG_WARN_OBJC_IMPLICIT_RETAIN_SELF = YES;
				CLANG_WARN_OBJC_LITERAL_CONVERSION = YES;
				CLANG_WARN_OBJC_ROOT_CLASS = YES_ERROR;
				CLANG_WARN_RANGE_LOOP_ANALYSIS = YES;
				CLANG_WARN_STRICT_PROTOTYPES = YES;
				CLANG_WARN_SUSPICIOUS_MOVE = YES;
				CLANG_WARN_UNGUARDED_AVAILABILITY = YES_AGGRESSIVE;
				CLANG_WARN_UNREACHABLE_CODE = YES;
				CLANG_WARN__DUPLICATE_METHOD_MATCH = YES;
				COPY_PHASE_STRIP = NO;
				DEBUG_INFORMATION_FORMAT = "dwarf-with-dsym";
				ENABLE_NS_ASSERTIONS = NO;
				ENABLE_STRICT_OBJC_MSGSEND = YES;
				GCC_C_LANGUAGE_STANDARD = gnu11;
				GCC_NO_COMMON_BLOCKS = YES;
				GCC_WARN_64_TO_32_BIT_CONVERSION = YES;
				GCC_WARN_ABOUT_RETURN_TYPE = YES_ERROR;
				GCC_WARN_UNDECLARED_SELECTOR = YES;
				GCC_WARN_UNINITIALIZED_AUTOS = YES_AGGRESSIVE;
				GCC_WARN_UNUSED_FUNCTION = YES;
				GCC_WARN_UNUSED_VARIABLE = YES;
				IPHONEOS_DEPLOYMENT_TARGET = 13.2;
				MTL_ENABLE_DEBUG_INFO = NO;
				MTL_FAST_MATH = YES;
				SDKROOT = iphoneos;
				SWIFT_COMPILATION_MODE = wholemodule;
				SWIFT_OPTIMIZATION_LEVEL = "-O";
				VALIDATE_PRODUCT = YES;
			};
			name = Release;
		};
		D633CE0325BF7608005A000F /* Debug */ = {
			isa = XCBuildConfiguration;
			buildSettings = {
				ASSETCATALOG_COMPILER_APPICON_NAME = AppIcon;
				CODE_SIGN_STYLE = Automatic;
				DEVELOPMENT_TEAM = YWS45A278U;
				INFOPLIST_FILE = INECoreData/Info.plist;
				LD_RUNPATH_SEARCH_PATHS = (
					"$(inherited)",
					"@executable_path/Frameworks",
				);
				PRODUCT_BUNDLE_IDENTIFIER = INECoreData.com.AMQ.INECoreData;
				PRODUCT_NAME = "$(TARGET_NAME)";
				SWIFT_VERSION = 5.0;
				TARGETED_DEVICE_FAMILY = "1,2";
			};
			name = Debug;
		};
		D633CE0425BF7608005A000F /* Release */ = {
			isa = XCBuildConfiguration;
			buildSettings = {
				ASSETCATALOG_COMPILER_APPICON_NAME = AppIcon;
				CODE_SIGN_STYLE = Automatic;
				DEVELOPMENT_TEAM = YWS45A278U;
				INFOPLIST_FILE = INECoreData/Info.plist;
				LD_RUNPATH_SEARCH_PATHS = (
					"$(inherited)",
					"@executable_path/Frameworks",
				);
				PRODUCT_BUNDLE_IDENTIFIER = INECoreData.com.AMQ.INECoreData;
				PRODUCT_NAME = "$(TARGET_NAME)";
				SWIFT_VERSION = 5.0;
				TARGETED_DEVICE_FAMILY = "1,2";
			};
			name = Release;
		};
/* End XCBuildConfiguration section */

/* Begin XCConfigurationList section */
		D633CDE625BF7606005A000F /* Build configuration list for PBXProject "INECoreData" */ = {
			isa = XCConfigurationList;
			buildConfigurations = (
				D633CE0025BF7608005A000F /* Debug */,
				D633CE0125BF7608005A000F /* Release */,
			);
			defaultConfigurationIsVisible = 0;
			defaultConfigurationName = Release;
		};
		D633CE0225BF7608005A000F /* Build configuration list for PBXNativeTarget "INECoreData" */ = {
			isa = XCConfigurationList;
			buildConfigurations = (
				D633CE0325BF7608005A000F /* Debug */,
				D633CE0425BF7608005A000F /* Release */,
			);
			defaultConfigurationIsVisible = 0;
			defaultConfigurationName = Release;
		};
/* End XCConfigurationList section */

/* Begin XCVersionGroup section */
		D633CDF725BF7606005A000F /* INECoreData.xcdatamodeld */ = {
			isa = XCVersionGroup;
			children = (
				D633CDF825BF7606005A000F /* INECoreData.xcdatamodel */,
			);
			currentVersion = D633CDF825BF7606005A000F /* INECoreData.xcdatamodel */;
			path = INECoreData.xcdatamodeld;
			sourceTree = "<group>";
			versionGroupType = wrapper.xcdatamodel;
		};
/* End XCVersionGroup section */
	};
	rootObject = D633CDE325BF7606005A000F /* Project object */;
}
